
Microsoft Visual Studio Solution File, Format Version 12.00
# Visual Studio Version 17
VisualStudioVersion = 17.3.32929.385
MinimumVisualStudioVersion = 10.0.40219.1
Project("{FAE04EC0-301F-11D3-BF4B-00C04F79EFBC}") = "PRJCARS", "projecttest\PRJCARS.csproj", "{196AE287-15A8-450D-BCA9-DA7D1EE123AF}"
EndProject
Global
	GlobalSection(SolutionConfigurationPlatforms) = preSolution
		Debug|Any CPU = Debug|Any CPU
		Release|Any CPU = Release|Any CPU
	EndGlobalSection
	GlobalSection(ProjectConfigurationPlatforms) = postSolution
		{196AE287-15A8-450D-BCA9-DA7D1EE123AF}.Debug|Any CPU.ActiveCfg = Debug|Any CPU
		{196AE287-15A8-450D-BCA9-DA7D1EE123AF}.Debug|Any CPU.Build.0 = Debug|Any CPU
		{196AE287-15A8-450D-BCA9-DA7D1EE123AF}.Release|Any CPU.ActiveCfg = Release|Any CPU
		{196AE287-15A8-450D-BCA9-DA7D1EE123AF}.Release|Any CPU.Build.0 = Release|Any CPU
	EndGlobalSection
	GlobalSection(SolutionProperties) = preSolution
		HideSolutionNode = FALSE
	EndGlobalSection
	GlobalSection(ExtensibilityGlobals) = postSolution
		SolutionGuid = {E26A152C-9C67-41EC-A330-2432791A8F2B}
	EndGlobalSection
EndGlobal
